Microsoft Visual Studio Solution File, Format Version 10.00
# Visual Studio 2008
Project("{8BC9CEB8-8B4A-11D0-8D11-00A0C91BC942}") = "Cube", "cube.vcproj", "{9928F8D0-6D20-43B6-ADF9-058638BE9BCA}"
EndProject
Global
	GlobalSection(SolutionConfigurationPlatforms) = preSolution
		Debug|Win32 = Debug|Win32
		Release|Win32 = Release|Win32
	EndGlobalSection
	GlobalSection(ProjectConfigurationPlatforms) = postSolution
		{9928F8D0-6D20-43B6-ADF9-058638BE9BCA}.Debug|Win32.ActiveCfg = Debug|Win32
		{9928F8D0-6D20-43B6-ADF9-058638BE9BCA}.Debug|Win32.Build.0 = Debug|Win32
		{9928F8D0-6D20-43B6-ADF9-058638BE9BCA}.Release|Win32.ActiveCfg = Release|Win32
		{9928F8D0-6D20-43B6-ADF9-058638BE9BCA}.Release|Win32.Build.0 = Release|Win32
	EndGlobalSection
	GlobalSection(SolutionProperties) = preSolution
		HideSolutionNode = FALSE
	EndGlobalSection
EndGlobal
